// !$*UTF8*$!
{
	archiveVersion = 1;
	classes = {
	};
	objectVersion = 46;
	objects = {

/* Begin PBXBuildFile section */
		655C570A1BCF7CEF00E9073E /* YSCalendarView.m in Sources */ = {isa = PBXBuildFile; fileRef = 655C57091BCF7CEF00E9073E /* YSCalendarView.m */; settings = {ASSET_TAGS = (); }; };
		655C570E1BCF7DFF00E9073E /* YSCalendarTitleBarView.m in Sources */ = {isa = PBXBuildFile; fileRef = 655C570D1BCF7DFF00E9073E /* YSCalendarTitleBarView.m */; settings = {ASSET_TAGS = (); }; };
		655C57111BCF7E3300E9073E /* YSCalendarWeekdayView.m in Sources */ = {isa = PBXBuildFile; fileRef = 655C57101BCF7E3300E9073E /* YSCalendarWeekdayView.m */; settings = {ASSET_TAGS = (); }; };
		655C57141BCF7EBC00E9073E /* YSCalendarTitleDateView.m in Sources */ = {isa = PBXBuildFile; fileRef = 655C57131BCF7EBC00E9073E /* YSCalendarTitleDateView.m */; settings = {ASSET_TAGS = (); }; };
		655C57161BCF7F0800E9073E /* YSCalendarTitleDateView.xib in Resources */ = {isa = PBXBuildFile; fileRef = 655C57151BCF7F0800E9073E /* YSCalendarTitleDateView.xib */; settings = {ASSET_TAGS = (); }; };
		655C57181BCF7F3D00E9073E /* YSCalendarWeekdayView.xib in Resources */ = {isa = PBXBuildFile; fileRef = 655C57171BCF7F3D00E9073E /* YSCalendarWeekdayView.xib */; settings = {ASSET_TAGS = (); }; };
		655C571A1BCF7F5800E9073E /* YSCalendarTitleBarView.xib in Resources */ = {isa = PBXBuildFile; fileRef = 655C57191BCF7F5800E9073E /* YSCalendarTitleBarView.xib */; settings = {ASSET_TAGS = (); }; };
		655C571C1BCF845400E9073E /* YSCalendarView.xib in Resources */ = {isa = PBXBuildFile; fileRef = 655C571B1BCF845400E9073E /* YSCalendarView.xib */; settings = {ASSET_TAGS = (); }; };
		655C571F1BCF865A00E9073E /* NSDate+YSDateLogic.m in Sources */ = {isa = PBXBuildFile; fileRef = 655C571E1BCF865A00E9073E /* NSDate+YSDateLogic.m */; settings = {ASSET_TAGS = (); }; };
		655C57231BCF93B100E9073E /* YSDayCellModel.m in Sources */ = {isa = PBXBuildFile; fileRef = 655C57221BCF93B100E9073E /* YSDayCellModel.m */; settings = {ASSET_TAGS = (); }; };
		655C57271BCF978300E9073E /* YSCalendarDayCell.m in Sources */ = {isa = PBXBuildFile; fileRef = 655C57261BCF978300E9073E /* YSCalendarDayCell.m */; settings = {ASSET_TAGS = (); }; };
		655C57291BCF97A500E9073E /* YSCalendarDayCell.xib in Resources */ = {isa = PBXBuildFile; fileRef = 655C57281BCF97A500E9073E /* YSCalendarDayCell.xib */; settings = {ASSET_TAGS = (); }; };
		6576989C1BD08D920015B446 /* YSLoginViewController.m in Sources */ = {isa = PBXBuildFile; fileRef = 6576989A1BD08D920015B446 /* YSLoginViewController.m */; settings = {ASSET_TAGS = (); }; };
		6576989D1BD08D920015B446 /* YSLoginViewController.xib in Resources */ = {isa = PBXBuildFile; fileRef = 6576989B1BD08D920015B446 /* YSLoginViewController.xib */; settings = {ASSET_TAGS = (); }; };
		657698AB1BD08F000015B446 /* YSUserLevelView.m in Sources */ = {isa = PBXBuildFile; fileRef = 657698AA1BD08F000015B446 /* YSUserLevelView.m */; settings = {ASSET_TAGS = (); }; };
		657698AF1BD08F900015B446 /* YSCicularProgressView.m in Sources */ = {isa = PBXBuildFile; fileRef = 657698AE1BD08F900015B446 /* YSCicularProgressView.m */; settings = {ASSET_TAGS = (); }; };
		657698B31BD095F80015B446 /* YSUserRecordView.m in Sources */ = {isa = PBXBuildFile; fileRef = 657698B21BD095F80015B446 /* YSUserRecordView.m */; settings = {ASSET_TAGS = (); }; };
		657698B91BD097A70015B446 /* YSRunningResultViewController.m in Sources */ = {isa = PBXBuildFile; fileRef = 657698B71BD097A70015B446 /* YSRunningResultViewController.m */; settings = {ASSET_TAGS = (); }; };
		657698BA1BD097A70015B446 /* YSRunningResultViewController.xib in Resources */ = {isa = PBXBuildFile; fileRef = 657698B81BD097A70015B446 /* YSRunningResultViewController.xib */; settings = {ASSET_TAGS = (); }; };
		657698BD1BD097FC0015B446 /* YSResultRecordView.m in Sources */ = {isa = PBXBuildFile; fileRef = 657698BC1BD097FC0015B446 /* YSResultRecordView.m */; settings = {ASSET_TAGS = (); }; };
		657698C11BD099F70015B446 /* YSRunningRecordViewController.m in Sources */ = {isa = PBXBuildFile; fileRef = 657698BF1BD099F70015B446 /* YSRunningRecordViewController.m */; settings = {ASSET_TAGS = (); }; };
		657698C21BD099F70015B446 /* YSRunningRecordViewController.xib in Resources */ = {isa = PBXBuildFile; fileRef = 657698C01BD099F70015B446 /* YSRunningRecordViewController.xib */; settings = {ASSET_TAGS = (); }; };
		657698C61BD09C210015B446 /* YSTipView.m in Sources */ = {isa = PBXBuildFile; fileRef = 657698C51BD09C210015B446 /* YSTipView.m */; settings = {ASSET_TAGS = (); }; };
		657698C81BD09C400015B446 /* YSTipView.xib in Resources */ = {isa = PBXBuildFile; fileRef = 657698C71BD09C400015B446 /* YSTipView.xib */; settings = {ASSET_TAGS = (); }; };
		657698CC1BD09D900015B446 /* YSTipCell.m in Sources */ = {isa = PBXBuildFile; fileRef = 657698CA1BD09D900015B446 /* YSTipCell.m */; settings = {ASSET_TAGS = (); }; };
		657698CD1BD09D900015B446 /* YSTipCell.xib in Resources */ = {isa = PBXBuildFile; fileRef = 657698CB1BD09D900015B446 /* YSTipCell.xib */; settings = {ASSET_TAGS = (); }; };
		657698CF1BD0D4180015B446 /* YSUserLevelView.xib in Resources */ = {isa = PBXBuildFile; fileRef = 657698CE1BD0D4180015B446 /* YSUserLevelView.xib */; settings = {ASSET_TAGS = (); }; };
		657698D21BD0EBF10015B446 /* YSUserInfoModel.m in Sources */ = {isa = PBXBuildFile; fileRef = 657698D11BD0EBF10015B446 /* YSUserInfoModel.m */; settings = {ASSET_TAGS = (); }; };
		657698E01BD0F2C60015B446 /* YSUserSettingView.m in Sources */ = {isa = PBXBuildFile; fileRef = 657698DF1BD0F2C60015B446 /* YSUserSettingView.m */; settings = {ASSET_TAGS = (); }; };
		657698E31BD0F2D90015B446 /* YSUserNoLoginView.m in Sources */ = {isa = PBXBuildFile; fileRef = 657698E21BD0F2D90015B446 /* YSUserNoLoginView.m */; settings = {ASSET_TAGS = (); }; };
		657698E51BD0F3690015B446 /* YSUserSettingView.xib in Resources */ = {isa = PBXBuildFile; fileRef = 657698E41BD0F3690015B446 /* YSUserSettingView.xib */; settings = {ASSET_TAGS = (); }; };
		657698E71BD0F3820015B446 /* YSUserNoLoginView.xib in Resources */ = {isa = PBXBuildFile; fileRef = 657698E61BD0F3820015B446 /* YSUserNoLoginView.xib */; settings = {ASSET_TAGS = (); }; };
		657698EE1BD11A6A0015B446 /* YSUserSetCell.m in Sources */ = {isa = PBXBuildFile; fileRef = 657698EC1BD11A6A0015B446 /* YSUserSetCell.m */; settings = {ASSET_TAGS = (); }; };
		657698EF1BD11A6A0015B446 /* YSUserSetCell.xib in Resources */ = {isa = PBXBuildFile; fileRef = 657698ED1BD11A6A0015B446 /* YSUserSetCell.xib */; settings = {ASSET_TAGS = (); }; };
		6596198F1BD1E2EA002110B9 /* YSRegisterViewController.m in Sources */ = {isa = PBXBuildFile; fileRef = 6596198D1BD1E2EA002110B9 /* YSRegisterViewController.m */; settings = {ASSET_TAGS = (); }; };
		659619951BD1E456002110B9 /* YSNavigationBarView.m in Sources */ = {isa = PBXBuildFile; fileRef = 659619941BD1E456002110B9 /* YSNavigationBarView.m */; settings = {ASSET_TAGS = (); }; };
		659619971BD1E4B5002110B9 /* YSNavigationBarView.xib in Resources */ = {isa = PBXBuildFile; fileRef = 659619961BD1E4B5002110B9 /* YSNavigationBarView.xib */; settings = {ASSET_TAGS = (); }; };
		6596199B1BD1F850002110B9 /* YSTextFieldTableView.m in Sources */ = {isa = PBXBuildFile; fileRef = 6596199A1BD1F850002110B9 /* YSTextFieldTableView.m */; settings = {ASSET_TAGS = (); }; };
		6596199D1BD1F87F002110B9 /* YSTextFieldTableView.xib in Resources */ = {isa = PBXBuildFile; fileRef = 6596199C1BD1F87F002110B9 /* YSTextFieldTableView.xib */; settings = {ASSET_TAGS = (); }; };
		659619A51BD21C0A002110B9 /* login_password.png in Resources */ = {isa = PBXBuildFile; fileRef = 659619A31BD21C0A002110B9 /* login_password.png */; settings = {ASSET_TAGS = (); }; };
		659619A61BD21C0A002110B9 /* login_user.png in Resources */ = {isa = PBXBuildFile; fileRef = 659619A41BD21C0A002110B9 /* login_user.png */; settings = {ASSET_TAGS = (); }; };
		659619AE1BD22443002110B9 /* YSFindPasswordViewController.xib in Resources */ = {isa = PBXBuildFile; fileRef = 659619AC1BD22443002110B9 /* YSFindPasswordViewController.xib */; settings = {ASSET_TAGS = (); }; };
		659619B21BD224AA002110B9 /* YSFindPasswordViewController.m in Sources */ = {isa = PBXBuildFile; fileRef = 659619B11BD224AA002110B9 /* YSFindPasswordViewController.m */; settings = {ASSET_TAGS = (); }; };
		659619B41BD224D7002110B9 /* YSRegisterViewController.xib in Resources */ = {isa = PBXBuildFile; fileRef = 659619B31BD224D7002110B9 /* YSRegisterViewController.xib */; settings = {ASSET_TAGS = (); }; };
		65ABA3701BCF4EAC00154E87 /* main.m in Sources */ = {isa = PBXBuildFile; fileRef = 65ABA36F1BCF4EAC00154E87 /* main.m */; };
		65ABA3731BCF4EAC00154E87 /* AppDelegate.m in Sources */ = {isa = PBXBuildFile; fileRef = 65ABA3721BCF4EAC00154E87 /* AppDelegate.m */; };
		65ABA37B1BCF4EAC00154E87 /* Assets.xcassets in Resources */ = {isa = PBXBuildFile; fileRef = 65ABA37A1BCF4EAC00154E87 /* Assets.xcassets */; };
		65ABA37E1BCF4EAC00154E87 /* LaunchScreen.storyboard in Resources */ = {isa = PBXBuildFile; fileRef = 65ABA37C1BCF4EAC00154E87 /* LaunchScreen.storyboard */; };
		65ABA3891BCF4EAC00154E87 /* YSRunTests.m in Sources */ = {isa = PBXBuildFile; fileRef = 65ABA3881BCF4EAC00154E87 /* YSRunTests.m */; };
		65ABA3941BCF4EAC00154E87 /* YSRunUITests.m in Sources */ = {isa = PBXBuildFile; fileRef = 65ABA3931BCF4EAC00154E87 /* YSRunUITests.m */; };
		65ABA3AE1BCF525500154E87 /* YSCalendarViewController.m in Sources */ = {isa = PBXBuildFile; fileRef = 65ABA3AC1BCF525500154E87 /* YSCalendarViewController.m */; settings = {ASSET_TAGS = (); }; };
		65ABA3AF1BCF525500154E87 /* YSCalendarViewController.xib in Resources */ = {isa = PBXBuildFile; fileRef = 65ABA3AD1BCF525500154E87 /* YSCalendarViewController.xib */; settings = {ASSET_TAGS = (); }; };
		65ABA3B31BCF528300154E87 /* YSRunViewController.m in Sources */ = {isa = PBXBuildFile; fileRef = 65ABA3B11BCF528300154E87 /* YSRunViewController.m */; settings = {ASSET_TAGS = (); }; };
		65ABA3B41BCF528300154E87 /* YSRunViewController.xib in Resources */ = {isa = PBXBuildFile; fileRef = 65ABA3B21BCF528300154E87 /* YSRunViewController.xib */; settings = {ASSET_TAGS = (); }; };
		65ABA3B81BCF529300154E87 /* YSUserViewController.m in Sources */ = {isa = PBXBuildFile; fileRef = 65ABA3B61BCF529300154E87 /* YSUserViewController.m */; settings = {ASSET_TAGS = (); }; };
		65ABA3B91BCF529300154E87 /* YSUserViewController.xib in Resources */ = {isa = PBXBuildFile; fileRef = 65ABA3B71BCF529300154E87 /* YSUserViewController.xib */; settings = {ASSET_TAGS = (); }; };
		65ABA3BD1BCF56FC00154E87 /* YSMainTabBarViewController.m in Sources */ = {isa = PBXBuildFile; fileRef = 65ABA3BB1BCF56FC00154E87 /* YSMainTabBarViewController.m */; settings = {ASSET_TAGS = (); }; };
		65ABA3BE1BCF56FC00154E87 /* YSMainTabBarViewController.xib in Resources */ = {isa = PBXBuildFile; fileRef = 65ABA3BC1BCF56FC00154E87 /* YSMainTabBarViewController.xib */; settings = {ASSET_TAGS = (); }; };
		65ABA3DE1BCF6CA000154E87 /* calendar.png in Resources */ = {isa = PBXBuildFile; fileRef = 65ABA3C41BCF6CA000154E87 /* calendar.png */; settings = {ASSET_TAGS = (); }; };
		65ABA3DF1BCF6CA000154E87 /* calendar_highlight.png in Resources */ = {isa = PBXBuildFile; fileRef = 65ABA3C51BCF6CA000154E87 /* calendar_highlight.png */; settings = {ASSET_TAGS = (); }; };
		65ABA3E01BCF6CA000154E87 /* user_default_photo.png in Resources */ = {isa = PBXBuildFile; fileRef = 65ABA3C61BCF6CA000154E87 /* user_default_photo.png */; settings = {ASSET_TAGS = (); }; };
		65ABA3E11BCF6CA000154E87 /* maf跑步法底色.png in Resources */ = {isa = PBXBuildFile; fileRef = 65ABA3C71BCF6CA000154E87 /* maf跑步法底色.png */; settings = {ASSET_TAGS = (); }; };
		65ABA3E21BCF6CA000154E87 /* run.png in Resources */ = {isa = PBXBuildFile; fileRef = 65ABA3C81BCF6CA000154E87 /* run.png */; settings = {ASSET_TAGS = (); }; };
		65ABA3E31BCF6CA000154E87 /* run_highlight.png in Resources */ = {isa = PBXBuildFile; fileRef = 65ABA3C91BCF6CA000154E87 /* run_highlight.png */; settings = {ASSET_TAGS = (); }; };
		65ABA3E41BCF6CA000154E87 /* tips.png in Resources */ = {isa = PBXBuildFile; fileRef = 65ABA3CA1BCF6CA000154E87 /* tips.png */; settings = {ASSET_TAGS = (); }; };
		65ABA3E51BCF6CA000154E87 /* user.png in Resources */ = {isa = PBXBuildFile; fileRef = 65ABA3CB1BCF6CA000154E87 /* user.png */; settings = {ASSET_TAGS = (); }; };
		65ABA3E61BCF6CA000154E87 /* user_highlight.png in Resources */ = {isa = PBXBuildFile; fileRef = 65ABA3CC1BCF6CA000154E87 /* user_highlight.png */; settings = {ASSET_TAGS = (); }; };
		65ABA3E71BCF6CA000154E87 /* right_arrow.png in Resources */ = {isa = PBXBuildFile; fileRef = 65ABA3CD1BCF6CA000154E87 /* right_arrow.png */; settings = {ASSET_TAGS = (); }; };
		65ABA3E81BCF6CA000154E87 /* 地图模式.png in Resources */ = {isa = PBXBuildFile; fileRef = 65ABA3CE1BCF6CA000154E87 /* 地图模式.png */; settings = {ASSET_TAGS = (); }; };
		65ABA3E91BCF6CA000154E87 /* left_arrow.png in Resources */ = {isa = PBXBuildFile; fileRef = 65ABA3CF1BCF6CA000154E87 /* left_arrow.png */; settings = {ASSET_TAGS = (); }; };
		65ABA3EA1BCF6CA000154E87 /* backgound_image1.png in Resources */ = {isa = PBXBuildFile; fileRef = 65ABA3D01BCF6CA000154E87 /* backgound_image1.png */; settings = {ASSET_TAGS = (); }; };
		65ABA3EB1BCF6CA000154E87 /* 按钮.png in Resources */ = {isa = PBXBuildFile; fileRef = 65ABA3D11BCF6CA000154E87 /* 按钮.png */; settings = {ASSET_TAGS = (); }; };
		65ABA3EC1BCF6CA000154E87 /* 按钮按下.png in Resources */ = {isa = PBXBuildFile; fileRef = 65ABA3D21BCF6CA000154E87 /* 按钮按下.png */; settings = {ASSET_TAGS = (); }; };
		65ABA3ED1BCF6CA000154E87 /* star.png in Resources */ = {isa = PBXBuildFile; fileRef = 65ABA3D31BCF6CA000154E87 /* star.png */; settings = {ASSET_TAGS = (); }; };
		65ABA3EE1BCF6CA000154E87 /* 更多---Assistor.png in Resources */ = {isa = PBXBuildFile; fileRef = 65ABA3D41BCF6CA000154E87 /* 更多---Assistor.png */; settings = {ASSET_TAGS = (); }; };
		65ABA3EF1BCF6CA000154E87 /* 秒表.png in Resources */ = {isa = PBXBuildFile; fileRef = 65ABA3D51BCF6CA000154E87 /* 秒表.png */; settings = {ASSET_TAGS = (); }; };
		65ABA3F01BCF6CA000154E87 /* 红底.png in Resources */ = {isa = PBXBuildFile; fileRef = 65ABA3D61BCF6CA000154E87 /* 红底.png */; settings = {ASSET_TAGS = (); }; };
		65ABA3F11BCF6CA000154E87 /* set_button.png in Resources */ = {isa = PBXBuildFile; fileRef = 65ABA3D71BCF6CA000154E87 /* set_button.png */; settings = {ASSET_TAGS = (); }; };
		65ABA3F21BCF6CA000154E87 /* 设置按下.png in Resources */ = {isa = PBXBuildFile; fileRef = 65ABA3D81BCF6CA000154E87 /* 设置按下.png */; settings = {ASSET_TAGS = (); }; };
		65ABA3F31BCF6CA000154E87 /* 跑步模式.png in Resources */ = {isa = PBXBuildFile; fileRef = 65ABA3D91BCF6CA000154E87 /* 跑步模式.png */; settings = {ASSET_TAGS = (); }; };
		65ABA3F41BCF6CA000154E87 /* 跑步结果页文字黑底.png in Resources */ = {isa = PBXBuildFile; fileRef = 65ABA3DA1BCF6CA000154E87 /* 跑步结果页文字黑底.png */; settings = {ASSET_TAGS = (); }; };
		65ABA3F51BCF6CA000154E87 /* 透明按钮.png in Resources */ = {isa = PBXBuildFile; fileRef = 65ABA3DB1BCF6CA000154E87 /* 透明按钮.png */; settings = {ASSET_TAGS = (); }; };
		65ABA3F61BCF6CA000154E87 /* 透明按钮按下.png in Resources */ = {isa = PBXBuildFile; fileRef = 65ABA3DC1BCF6CA000154E87 /* 透明按钮按下.png */; settings = {ASSET_TAGS = (); }; };
		65ABA3F71BCF6CA000154E87 /* 首页文字框.png in Resources */ = {isa = PBXBuildFile; fileRef = 65ABA3DD1BCF6CA000154E87 /* 首页文字框.png */; settings = {ASSET_TAGS = (); }; };
/* End PBXBuildFile section */

/* Begin PBXContainerItemProxy section */
		65ABA3851BCF4EAC00154E87 /* PBXContainerItemProxy */ = {
			isa = PBXContainerItemProxy;
			containerPortal = 65ABA3631BCF4EAC00154E87 /* Project object */;
			proxyType = 1;
			remoteGlobalIDString = 65ABA36A1BCF4EAC00154E87;
			remoteInfo = YSRun;
		};
		65ABA3901BCF4EAC00154E87 /* PBXContainerItemProxy */ = {
			isa = PBXContainerItemProxy;
			containerPortal = 65ABA3631BCF4EAC00154E87 /* Project object */;
			proxyType = 1;
			remoteGlobalIDString = 65ABA36A1BCF4EAC00154E87;
			remoteInfo = YSRun;
		};
/* End PBXContainerItemProxy section */

/* Begin PBXFileReference section */
		655C57071BCF7B9A00E9073E /* YSAppMacro.h */ = {isa = PBXFileReference; lastKnownFileType = sourcecode.c.h; path = YSAppMacro.h; sourceTree = "<group>"; };
		655C57081BCF7CEF00E9073E /* YSCalendarView.h */ = {isa = PBXFileReference; fileEncoding = 4; lastKnownFileType = sourcecode.c.h; path = YSCalendarView.h; sourceTree = "<group>"; };
		655C57091BCF7CEF00E9073E /* YSCalendarView.m */ = {isa = PBXFileReference; fileEncoding = 4; lastKnownFileType = sourcecode.c.objc; path = YSCalendarView.m; sourceTree = "<group>"; };
		655C570C1BCF7DFF00E9073E /* YSCalendarTitleBarView.h */ = {isa = PBXFileReference; fileEncoding = 4; lastKnownFileType = sourcecode.c.h; path = YSCalendarTitleBarView.h; sourceTree = "<group>"; };
		655C570D1BCF7DFF00E9073E /* YSCalendarTitleBarView.m */ = {isa = PBXFileReference; fileEncoding = 4; lastKnownFileType = sourcecode.c.objc; path = YSCalendarTitleBarView.m; sourceTree = "<group>"; };
		655C570F1BCF7E3300E9073E /* YSCalendarWeekdayView.h */ = {isa = PBXFileReference; fileEncoding = 4; lastKnownFileType = sourcecode.c.h; path = YSCalendarWeekdayView.h; sourceTree = "<group>"; };
		655C57101BCF7E3300E9073E /* YSCalendarWeekdayView.m */ = {isa = PBXFileReference; fileEncoding = 4; lastKnownFileType = sourcecode.c.objc; path = YSCalendarWeekdayView.m; sourceTree = "<group>"; };
		655C57121BCF7EBC00E9073E /* YSCalendarTitleDateView.h */ = {isa = PBXFileReference; fileEncoding = 4; lastKnownFileType = sourcecode.c.h; path = YSCalendarTitleDateView.h; sourceTree = "<group>"; };
		655C57131BCF7EBC00E9073E /* YSCalendarTitleDateView.m */ = {isa = PBXFileReference; fileEncoding = 4; lastKnownFileType = sourcecode.c.objc; path = YSCalendarTitleDateView.m; sourceTree = "<group>"; };
		655C57151BCF7F0800E9073E /* YSCalendarTitleDateView.xib */ = {isa = PBXFileReference; fileEncoding = 4; lastKnownFileType = file.xib; path = YSCalendarTitleDateView.xib; sourceTree = "<group>"; };
		655C57171BCF7F3D00E9073E /* YSCalendarWeekdayView.xib */ = {isa = PBXFileReference; fileEncoding = 4; lastKnownFileType = file.xib; path = YSCalendarWeekdayView.xib; sourceTree = "<group>"; };
		655C57191BCF7F5800E9073E /* YSCalendarTitleBarView.xib */ = {isa = PBXFileReference; fileEncoding = 4; lastKnownFileType = file.xib; path = YSCalendarTitleBarView.xib; sourceTree = "<group>"; };
		655C571B1BCF845400E9073E /* YSCalendarView.xib */ = {isa = PBXFileReference; fileEncoding = 4; lastKnownFileType = file.xib; path = YSCalendarView.xib; sourceTree = "<group>"; };
		655C571D1BCF865A00E9073E /* NSDate+YSDateLogic.h */ = {isa = PBXFileReference; fileEncoding = 4; lastKnownFileType = sourcecode.c.h; path = "NSDate+YSDateLogic.h"; sourceTree = "<group>"; };
		655C571E1BCF865A00E9073E /* NSDate+YSDateLogic.m */ = {isa = PBXFileReference; fileEncoding = 4; lastKnownFileType = sourcecode.c.objc; path = "NSDate+YSDateLogic.m"; sourceTree = "<group>"; };
		655C57211BCF93B100E9073E /* YSDayCellModel.h */ = {isa = PBXFileReference; fileEncoding = 4; lastKnownFileType = sourcecode.c.h; path = YSDayCellModel.h; sourceTree = "<group>"; };
		655C57221BCF93B100E9073E /* YSDayCellModel.m */ = {isa = PBXFileReference; fileEncoding = 4; lastKnownFileType = sourcecode.c.objc; path = YSDayCellModel.m; sourceTree = "<group>"; };
		655C57251BCF978300E9073E /* YSCalendarDayCell.h */ = {isa = PBXFileReference; fileEncoding = 4; lastKnownFileType = sourcecode.c.h; path = YSCalendarDayCell.h; sourceTree = "<group>"; };
		655C57261BCF978300E9073E /* YSCalendarDayCell.m */ = {isa = PBXFileReference; fileEncoding = 4; lastKnownFileType = sourcecode.c.objc; path = YSCalendarDayCell.m; sourceTree = "<group>"; };
		655C57281BCF97A500E9073E /* YSCalendarDayCell.xib */ = {isa = PBXFileReference; fileEncoding = 4; lastKnownFileType = file.xib; path = YSCalendarDayCell.xib; sourceTree = "<group>"; };
		657698991BD08D920015B446 /* YSLoginViewController.h */ = {isa = PBXFileReference; fileEncoding = 4; lastKnownFileType = sourcecode.c.h; path = YSLoginViewController.h; sourceTree = "<group>"; };
		6576989A1BD08D920015B446 /* YSLoginViewController.m */ = {isa = PBXFileReference; fileEncoding = 4; lastKnownFileType = sourcecode.c.objc; path = YSLoginViewController.m; sourceTree = "<group>"; };
		6576989B1BD08D920015B446 /* YSLoginViewController.xib */ = {isa = PBXFileReference; fileEncoding = 4; lastKnownFileType = file.xib; path = YSLoginViewController.xib; sourceTree = "<group>"; };
		657698A91BD08F000015B446 /* YSUserLevelView.h */ = {isa = PBXFileReference; fileEncoding = 4; lastKnownFileType = sourcecode.c.h; path = YSUserLevelView.h; sourceTree = "<group>"; };
		657698AA1BD08F000015B446 /* YSUserLevelView.m */ = {isa = PBXFileReference; fileEncoding = 4; lastKnownFileType = sourcecode.c.objc; path = YSUserLevelView.m; sourceTree = "<group>"; };
		657698AD1BD08F900015B446 /* YSCicularProgressView.h */ = {isa = PBXFileReference; fileEncoding = 4; lastKnownFileType = sourcecode.c.h; path = YSCicularProgressView.h; sourceTree = "<group>"; };
		657698AE1BD08F900015B446 /* YSCicularProgressView.m */ = {isa = PBXFileReference; fileEncoding = 4; lastKnownFileType = sourcecode.c.objc; path = YSCicularProgressView.m; sourceTree = "<group>"; };
		657698B11BD095F80015B446 /* YSUserRecordView.h */ = {isa = PBXFileReference; fileEncoding = 4; lastKnownFileType = sourcecode.c.h; path = YSUserRecordView.h; sourceTree = "<group>"; };
		657698B21BD095F80015B446 /* YSUserRecordView.m */ = {isa = PBXFileReference; fileEncoding = 4; lastKnownFileType = sourcecode.c.objc; path = YSUserRecordView.m; sourceTree = "<group>"; };
		657698B61BD097A70015B446 /* YSRunningResultViewController.h */ = {isa = PBXFileReference; fileEncoding = 4; lastKnownFileType = sourcecode.c.h; path = YSRunningResultViewController.h; sourceTree = "<group>"; };
		657698B71BD097A70015B446 /* YSRunningResultViewController.m */ = {isa = PBXFileReference; fileEncoding = 4; lastKnownFileType = sourcecode.c.objc; path = YSRunningResultViewController.m; sourceTree = "<group>"; };
		657698B81BD097A70015B446 /* YSRunningResultViewController.xib */ = {isa = PBXFileReference; fileEncoding = 4; lastKnownFileType = file.xib; path = YSRunningResultViewController.xib; sourceTree = "<group>"; };
		657698BB1BD097FC0015B446 /* YSResultRecordView.h */ = {isa = PBXFileReference; fileEncoding = 4; lastKnownFileType = sourcecode.c.h; path = YSResultRecordView.h; sourceTree = "<group>"; };
		657698BC1BD097FC0015B446 /* YSResultRecordView.m */ = {isa = PBXFileReference; fileEncoding = 4; lastKnownFileType = sourcecode.c.objc; path = YSResultRecordView.m; sourceTree = "<group>"; };
		657698BE1BD099F70015B446 /* YSRunningRecordViewController.h */ = {isa = PBXFileReference; fileEncoding = 4; lastKnownFileType = sourcecode.c.h; path = YSRunningRecordViewController.h; sourceTree = "<group>"; };
		657698BF1BD099F70015B446 /* YSRunningRecordViewController.m */ = {isa = PBXFileReference; fileEncoding = 4; lastKnownFileType = sourcecode.c.objc; path = YSRunningRecordViewController.m; sourceTree = "<group>"; };
		657698C01BD099F70015B446 /* YSRunningRecordViewController.xib */ = {isa = PBXFileReference; fileEncoding = 4; lastKnownFileType = file.xib; path = YSRunningRecordViewController.xib; sourceTree = "<group>"; };
		657698C41BD09C210015B446 /* YSTipView.h */ = {isa = PBXFileReference; fileEncoding = 4; lastKnownFileType = sourcecode.c.h; path = YSTipView.h; sourceTree = "<group>"; };
		657698C51BD09C210015B446 /* YSTipView.m */ = {isa = PBXFileReference; fileEncoding = 4; lastKnownFileType = sourcecode.c.objc; path = YSTipView.m; sourceTree = "<group>"; };
		657698C71BD09C400015B446 /* YSTipView.xib */ = {isa = PBXFileReference; fileEncoding = 4; lastKnownFileType = file.xib; path = YSTipView.xib; sourceTree = "<group>"; };
		657698C91BD09D900015B446 /* YSTipCell.h */ = {isa = PBXFileReference; fileEncoding = 4; lastKnownFileType = sourcecode.c.h; path = YSTipCell.h; sourceTree = "<group>"; };
		657698CA1BD09D900015B446 /* YSTipCell.m */ = {isa = PBXFileReference; fileEncoding = 4; lastKnownFileType = sourcecode.c.objc; path = YSTipCell.m; sourceTree = "<group>"; };
		657698CB1BD09D900015B446 /* YSTipCell.xib */ = {isa = PBXFileReference; fileEncoding = 4; lastKnownFileType = file.xib; path = YSTipCell.xib; sourceTree = "<group>"; };
		657698CE1BD0D4180015B446 /* YSUserLevelView.xib */ = {isa = PBXFileReference; fileEncoding = 4; lastKnownFileType = file.xib; path = YSUserLevelView.xib; sourceTree = "<group>"; };
		657698D01BD0EBF10015B446 /* YSUserInfoModel.h */ = {isa = PBXFileReference; fileEncoding = 4; lastKnownFileType = sourcecode.c.h; path = YSUserInfoModel.h; sourceTree = "<group>"; };
		657698D11BD0EBF10015B446 /* YSUserInfoModel.m */ = {isa = PBXFileReference; fileEncoding = 4; lastKnownFileType = sourcecode.c.objc; path = YSUserInfoModel.m; sourceTree = "<group>"; };
		657698DE1BD0F2C60015B446 /* YSUserSettingView.h */ = {isa = PBXFileReference; fileEncoding = 4; lastKnownFileType = sourcecode.c.h; path = YSUserSettingView.h; sourceTree = "<group>"; };
		657698DF1BD0F2C60015B446 /* YSUserSettingView.m */ = {isa = PBXFileReference; fileEncoding = 4; lastKnownFileType = sourcecode.c.objc; path = YSUserSettingView.m; sourceTree = "<group>"; };
		657698E11BD0F2D90015B446 /* YSUserNoLoginView.h */ = {isa = PBXFileReference; fileEncoding = 4; lastKnownFileType = sourcecode.c.h; path = YSUserNoLoginView.h; sourceTree = "<group>"; };
		657698E21BD0F2D90015B446 /* YSUserNoLoginView.m */ = {isa = PBXFileReference; fileEncoding = 4; lastKnownFileType = sourcecode.c.objc; path = YSUserNoLoginView.m; sourceTree = "<group>"; };
		657698E41BD0F3690015B446 /* YSUserSettingView.xib */ = {isa = PBXFileReference; fileEncoding = 4; lastKnownFileType = file.xib; path = YSUserSettingView.xib; sourceTree = "<group>"; };
		657698E61BD0F3820015B446 /* YSUserNoLoginView.xib */ = {isa = PBXFileReference; fileEncoding = 4; lastKnownFileType = file.xib; path = YSUserNoLoginView.xib; sourceTree = "<group>"; };
		657698EB1BD11A6A0015B446 /* YSUserSetCell.h */ = {isa = PBXFileReference; fileEncoding = 4; lastKnownFileType = sourcecode.c.h; path = YSUserSetCell.h; sourceTree = "<group>"; };
		657698EC1BD11A6A0015B446 /* YSUserSetCell.m */ = {isa = PBXFileReference; fileEncoding = 4; lastKnownFileType = sourcecode.c.objc; path = YSUserSetCell.m; sourceTree = "<group>"; };
		657698ED1BD11A6A0015B446 /* YSUserSetCell.xib */ = {isa = PBXFileReference; fileEncoding = 4; lastKnownFileType = file.xib; path = YSUserSetCell.xib; sourceTree = "<group>"; };
		6596198C1BD1E2EA002110B9 /* YSRegisterViewController.h */ = {isa = PBXFileReference; fileEncoding = 4; lastKnownFileType = sourcecode.c.h; path = YSRegisterViewController.h; sourceTree = "<group>"; };
		6596198D1BD1E2EA002110B9 /* YSRegisterViewController.m */ = {isa = PBXFileReference; fileEncoding = 4; lastKnownFileType = sourcecode.c.objc; path = YSRegisterViewController.m; sourceTree = "<group>"; };
		659619931BD1E456002110B9 /* YSNavigationBarView.h */ = {isa = PBXFileReference; fileEncoding = 4; lastKnownFileType = sourcecode.c.h; path = YSNavigationBarView.h; sourceTree = "<group>"; };
		659619941BD1E456002110B9 /* YSNavigationBarView.m */ = {isa = PBXFileReference; fileEncoding = 4; lastKnownFileType = sourcecode.c.objc; path = YSNavigationBarView.m; sourceTree = "<group>"; };
		659619961BD1E4B5002110B9 /* YSNavigationBarView.xib */ = {isa = PBXFileReference; fileEncoding = 4; lastKnownFileType = file.xib; path = YSNavigationBarView.xib; sourceTree = "<group>"; };
		659619991BD1F850002110B9 /* YSTextFieldTableView.h */ = {isa = PBXFileReference; fileEncoding = 4; lastKnownFileType = sourcecode.c.h; path = YSTextFieldTableView.h; sourceTree = "<group>"; };
		6596199A1BD1F850002110B9 /* YSTextFieldTableView.m */ = {isa = PBXFileReference; fileEncoding = 4; lastKnownFileType = sourcecode.c.objc; path = YSTextFieldTableView.m; sourceTree = "<group>"; };
		6596199C1BD1F87F002110B9 /* YSTextFieldTableView.xib */ = {isa = PBXFileReference; fileEncoding = 4; lastKnownFileType = file.xib; path = YSTextFieldTableView.xib; sourceTree = "<group>"; };
		659619A31BD21C0A002110B9 /* login_password.png */ = {isa = PBXFileReference; lastKnownFileType = image.png; path = login_password.png; sourceTree = "<group>"; };
		659619A41BD21C0A002110B9 /* login_user.png */ = {isa = PBXFileReference; lastKnownFileType = image.png; path = login_user.png; sourceTree = "<group>"; };
		659619AC1BD22443002110B9 /* YSFindPasswordViewController.xib */ = {isa = PBXFileReference; fileEncoding = 4; lastKnownFileType = file.xib; path = YSFindPasswordViewController.xib; sourceTree = "<group>"; };
		659619B01BD224AA002110B9 /* YSFindPasswordViewController.h */ = {isa = PBXFileReference; fileEncoding = 4; lastKnownFileType = sourcecode.c.h; path = YSFindPasswordViewController.h; sourceTree = "<group>"; };
		659619B11BD224AA002110B9 /* YSFindPasswordViewController.m */ = {isa = PBXFileReference; fileEncoding = 4; lastKnownFileType = sourcecode.c.objc; path = YSFindPasswordViewController.m; sourceTree = "<group>"; };
		659619B31BD224D7002110B9 /* YSRegisterViewController.xib */ = {isa = PBXFileReference; fileEncoding = 4; lastKnownFileType = file.xib; path = YSRegisterViewController.xib; sourceTree = "<group>"; };
		65ABA36B1BCF4EAC00154E87 /* YSRun.app */ = {isa = PBXFileReference; explicitFileType = wrapper.application; includeInIndex = 0; path = YSRun.app; sourceTree = BUILT_PRODUCTS_DIR; };
		65ABA36F1BCF4EAC00154E87 /* main.m */ = {isa = PBXFileReference; lastKnownFileType = sourcecode.c.objc; path = main.m; sourceTree = "<group>"; };
		65ABA3711BCF4EAC00154E87 /* AppDelegate.h */ = {isa = PBXFileReference; lastKnownFileType = sourcecode.c.h; name = AppDelegate.h; path = YSRun/AppDelegate.h; sourceTree = SOURCE_ROOT; };
		65ABA3721BCF4EAC00154E87 /* AppDelegate.m */ = {isa = PBXFileReference; lastKnownFileType = sourcecode.c.objc; name = AppDelegate.m; path = YSRun/AppDelegate.m; sourceTree = SOURCE_ROOT; };
		65ABA37A1BCF4EAC00154E87 /* Assets.xcassets */ = {isa = PBXFileReference; lastKnownFileType = folder.assetcatalog; path = Assets.xcassets; sourceTree = "<group>"; };
		65ABA37D1BCF4EAC00154E87 /* Base */ = {isa = PBXFileReference; lastKnownFileType = file.storyboard; name = Base; path = Base.lproj/LaunchScreen.storyboard; sourceTree = "<group>"; };
		65ABA37F1BCF4EAC00154E87 /* Info.plist */ = {isa = PBXFileReference; lastKnownFileType = text.plist.xml; path = Info.plist; sourceTree = "<group>"; };
		65ABA3841BCF4EAC00154E87 /* YSRunTests.xctest */ = {isa = PBXFileReference; explicitFileType = wrapper.cfbundle; includeInIndex = 0; path = YSRunTests.xctest; sourceTree = BUILT_PRODUCTS_DIR; };
		65ABA3881BCF4EAC00154E87 /* YSRunTests.m */ = {isa = PBXFileReference; lastKnownFileType = sourcecode.c.objc; path = YSRunTests.m; sourceTree = "<group>"; };
		65ABA38A1BCF4EAC00154E87 /* Info.plist */ = {isa = PBXFileReference; lastKnownFileType = text.plist.xml; path = Info.plist; sourceTree = "<group>"; };
		65ABA38F1BCF4EAC00154E87 /* YSRunUITests.xctest */ = {isa = PBXFileReference; explicitFileType = wrapper.cfbundle; includeInIndex = 0; path = YSRunUITests.xctest; sourceTree = BUILT_PRODUCTS_DIR; };
		65ABA3931BCF4EAC00154E87 /* YSRunUITests.m */ = {isa = PBXFileReference; lastKnownFileType = sourcecode.c.objc; path = YSRunUITests.m; sourceTree = "<group>"; };
		65ABA3951BCF4EAC00154E87 /* Info.plist */ = {isa = PBXFileReference; lastKnownFileType = text.plist.xml; path = Info.plist; sourceTree = "<group>"; };
		65ABA3AB1BCF525500154E87 /* YSCalendarViewController.h */ = {isa = PBXFileReference; fileEncoding = 4; lastKnownFileType = sourcecode.c.h; path = YSCalendarViewController.h; sourceTree = "<group>"; };
		65ABA3AC1BCF525500154E87 /* YSCalendarViewController.m */ = {isa = PBXFileReference; fileEncoding = 4; lastKnownFileType = sourcecode.c.objc; path = YSCalendarViewController.m; sourceTree = "<group>"; };
		65ABA3AD1BCF525500154E87 /* YSCalendarViewController.xib */ = {isa = PBXFileReference; fileEncoding = 4; lastKnownFileType = file.xib; path = YSCalendarViewController.xib; sourceTree = "<group>"; };
		65ABA3B01BCF528300154E87 /* YSRunViewController.h */ = {isa = PBXFileReference; fileEncoding = 4; lastKnownFileType = sourcecode.c.h; path = YSRunViewController.h; sourceTree = "<group>"; };
		65ABA3B11BCF528300154E87 /* YSRunViewController.m */ = {isa = PBXFileReference; fileEncoding = 4; lastKnownFileType = sourcecode.c.objc; path = YSRunViewController.m; sourceTree = "<group>"; };
		65ABA3B21BCF528300154E87 /* YSRunViewController.xib */ = {isa = PBXFileReference; fileEncoding = 4; lastKnownFileType = file.xib; path = YSRunViewController.xib; sourceTree = "<group>"; };
		65ABA3B51BCF529300154E87 /* YSUserViewController.h */ = {isa = PBXFileReference; fileEncoding = 4; lastKnownFileType = sourcecode.c.h; path = YSUserViewController.h; sourceTree = "<group>"; };
		65ABA3B61BCF529300154E87 /* YSUserViewController.m */ = {isa = PBXFileReference; fileEncoding = 4; lastKnownFileType = sourcecode.c.objc; path = YSUserViewController.m; sourceTree = "<group>"; };
		65ABA3B71BCF529300154E87 /* YSUserViewController.xib */ = {isa = PBXFileReference; fileEncoding = 4; lastKnownFileType = file.xib; path = YSUserViewController.xib; sourceTree = "<group>"; };
		65ABA3BA1BCF56FC00154E87 /* YSMainTabBarViewController.h */ = {isa = PBXFileReference; fileEncoding = 4; lastKnownFileType = sourcecode.c.h; path = YSMainTabBarViewController.h; sourceTree = "<group>"; };
		65ABA3BB1BCF56FC00154E87 /* YSMainTabBarViewController.m */ = {isa = PBXFileReference; fileEncoding = 4; lastKnownFileType = sourcecode.c.objc; path = YSMainTabBarViewController.m; sourceTree = "<group>"; };
		65ABA3BC1BCF56FC00154E87 /* YSMainTabBarViewController.xib */ = {isa = PBXFileReference; fileEncoding = 4; lastKnownFileType = file.xib; path = YSMainTabBarViewController.xib; sourceTree = "<group>"; };
		65ABA3C41BCF6CA000154E87 /* calendar.png */ = {isa = PBXFileReference; lastKnownFileType = image.png; path = calendar.png; sourceTree = "<group>"; };
		65ABA3C51BCF6CA000154E87 /* calendar_highlight.png */ = {isa = PBXFileReference; lastKnownFileType = image.png; path = calendar_highlight.png; sourceTree = "<group>"; };
		65ABA3C61BCF6CA000154E87 /* user_default_photo.png */ = {isa = PBXFileReference; lastKnownFileType = image.png; path = user_default_photo.png; sourceTree = "<group>"; };
		65ABA3C71BCF6CA000154E87 /* maf跑步法底色.png */ = {isa = PBXFileReference; lastKnownFileType = image.png; path = "maf跑步法底色.png"; sourceTree = "<group>"; };
		65ABA3C81BCF6CA000154E87 /* run.png */ = {isa = PBXFileReference; lastKnownFileType = image.png; path = run.png; sourceTree = "<group>"; };
		65ABA3C91BCF6CA000154E87 /* run_highlight.png */ = {isa = PBXFileReference; lastKnownFileType = image.png; path = run_highlight.png; sourceTree = "<group>"; };
		65ABA3CA1BCF6CA000154E87 /* tips.png */ = {isa = PBXFileReference; lastKnownFileType = image.png; path = tips.png; sourceTree = "<group>"; };
		65ABA3CB1BCF6CA000154E87 /* user.png */ = {isa = PBXFileReference; lastKnownFileType = image.png; path = user.png; sourceTree = "<group>"; };
		65ABA3CC1BCF6CA000154E87 /* user_highlight.png */ = {isa = PBXFileReference; lastKnownFileType = image.png; path = user_highlight.png; sourceTree = "<group>"; };
		65ABA3CD1BCF6CA000154E87 /* right_arrow.png */ = {isa = PBXFileReference; lastKnownFileType = image.png; path = right_arrow.png; sourceTree = "<group>"; };
		65ABA3CE1BCF6CA000154E87 /* 地图模式.png */ = {isa = PBXFileReference; lastKnownFileType = image.png; path = "地图模式.png"; sourceTree = "<group>"; };
		65ABA3CF1BCF6CA000154E87 /* left_arrow.png */ = {isa = PBXFileReference; lastKnownFileType = image.png; path = left_arrow.png; sourceTree = "<group>"; };
		65ABA3D01BCF6CA000154E87 /* backgound_image1.png */ = {isa = PBXFileReference; lastKnownFileType = image.png; path = backgound_image1.png; sourceTree = "<group>"; };
		65ABA3D11BCF6CA000154E87 /* 按钮.png */ = {isa = PBXFileReference; lastKnownFileType = image.png; path = "按钮.png"; sourceTree = "<group>"; };
		65ABA3D21BCF6CA000154E87 /* 按钮按下.png */ = {isa = PBXFileReference; lastKnownFileType = image.png; path = "按钮按下.png"; sourceTree = "<group>"; };
		65ABA3D31BCF6CA000154E87 /* star.png */ = {isa = PBXFileReference; lastKnownFileType = image.png; path = star.png; sourceTree = "<group>"; };
		65ABA3D41BCF6CA000154E87 /* 更多---Assistor.png */ = {isa = PBXFileReference; lastKnownFileType = image.png; path = "更多---Assistor.png"; sourceTree = "<group>"; };
		65ABA3D51BCF6CA000154E87 /* 秒表.png */ = {isa = PBXFileReference; lastKnownFileType = image.png; path = "秒表.png"; sourceTree = "<group>"; };
		65ABA3D61BCF6CA000154E87 /* 红底.png */ = {isa = PBXFileReference; lastKnownFileType = image.png; path = "红底.png"; sourceTree = "<group>"; };
		65ABA3D71BCF6CA000154E87 /* set_button.png */ = {isa = PBXFileReference; lastKnownFileType = image.png; path = set_button.png; sourceTree = "<group>"; };
		65ABA3D81BCF6CA000154E87 /* 设置按下.png */ = {isa = PBXFileReference; lastKnownFileType = image.png; path = "设置按下.png"; sourceTree = "<group>"; };
		65ABA3D91BCF6CA000154E87 /* 跑步模式.png */ = {isa = PBXFileReference; lastKnownFileType = image.png; path = "跑步模式.png"; sourceTree = "<group>"; };
		65ABA3DA1BCF6CA000154E87 /* 跑步结果页文字黑底.png */ = {isa = PBXFileReference; lastKnownFileType = image.png; path = "跑步结果页文字黑底.png"; sourceTree = "<group>"; };
		65ABA3DB1BCF6CA000154E87 /* 透明按钮.png */ = {isa = PBXFileReference; lastKnownFileType = image.png; path = "透明按钮.png"; sourceTree = "<group>"; };
		65ABA3DC1BCF6CA000154E87 /* 透明按钮按下.png */ = {isa = PBXFileReference; lastKnownFileType = image.png; path = "透明按钮按下.png"; sourceTree = "<group>"; };
		65ABA3DD1BCF6CA000154E87 /* 首页文字框.png */ = {isa = PBXFileReference; lastKnownFileType = image.png; path = "首页文字框.png"; sourceTree = "<group>"; };
/* End PBXFileReference section */

/* Begin PBXFrameworksBuildPhase section */
		65ABA3681BCF4EAC00154E87 /* Frameworks */ = {
			isa = PBXFrameworksBuildPhase;
			buildActionMask = 2147483647;
			files = (
			);
			runOnlyForDeploymentPostprocessing = 0;
		};
		65ABA3811BCF4EAC00154E87 /* Frameworks */ = {
			isa = PBXFrameworksBuildPhase;
			buildActionMask = 2147483647;
			files = (
			);
			runOnlyForDeploymentPostprocessing = 0;
		};
		65ABA38C1BCF4EAC00154E87 /* Frameworks */ = {
			isa = PBXFrameworksBuildPhase;
			buildActionMask = 2147483647;
			files = (
			);
			runOnlyForDeploymentPostprocessing = 0;
		};
/* End PBXFrameworksBuildPhase section */

/* Begin PBXGroup section */
		655C57051BCF7A4B00E9073E /* CalendarView */ = {
			isa = PBXGroup;
			children = (
				655C57241BCF971000E9073E /* DayCell */,
				655C570B1BCF7DCD00E9073E /* TitleBar */,
				655C57081BCF7CEF00E9073E /* YSCalendarView.h */,
				655C57091BCF7CEF00E9073E /* YSCalendarView.m */,
				655C571B1BCF845400E9073E /* YSCalendarView.xib */,
				655C571D1BCF865A00E9073E /* NSDate+YSDateLogic.h */,
				655C571E1BCF865A00E9073E /* NSDate+YSDateLogic.m */,
			);
			path = CalendarView;
			sourceTree = "<group>";
		};
		655C57061BCF7B4100E9073E /* Macro */ = {
			isa = PBXGroup;
			children = (
				655C57071BCF7B9A00E9073E /* YSAppMacro.h */,
			);
			path = Macro;
			sourceTree = "<group>";
		};
		655C570B1BCF7DCD00E9073E /* TitleBar */ = {
			isa = PBXGroup;
			children = (
				655C57121BCF7EBC00E9073E /* YSCalendarTitleDateView.h */,
				655C57131BCF7EBC00E9073E /* YSCalendarTitleDateView.m */,
				655C57151BCF7F0800E9073E /* YSCalendarTitleDateView.xib */,
				655C570C1BCF7DFF00E9073E /* YSCalendarTitleBarView.h */,
				655C570D1BCF7DFF00E9073E /* YSCalendarTitleBarView.m */,
				655C57191BCF7F5800E9073E /* YSCalendarTitleBarView.xib */,
				655C570F1BCF7E3300E9073E /* YSCalendarWeekdayView.h */,
				655C57101BCF7E3300E9073E /* YSCalendarWeekdayView.m */,
				655C57171BCF7F3D00E9073E /* YSCalendarWeekdayView.xib */,
			);
			path = TitleBar;
			sourceTree = "<group>";
		};
		655C57201BCF934500E9073E /* Models */ = {
			isa = PBXGroup;
			children = (
				655C57211BCF93B100E9073E /* YSDayCellModel.h */,
				655C57221BCF93B100E9073E /* YSDayCellModel.m */,
				657698D01BD0EBF10015B446 /* YSUserInfoModel.h */,
				657698D11BD0EBF10015B446 /* YSUserInfoModel.m */,
			);
			path = Models;
			sourceTree = "<group>";
		};
		655C57241BCF971000E9073E /* DayCell */ = {
			isa = PBXGroup;
			children = (
				655C57251BCF978300E9073E /* YSCalendarDayCell.h */,
				655C57261BCF978300E9073E /* YSCalendarDayCell.m */,
				655C57281BCF97A500E9073E /* YSCalendarDayCell.xib */,
			);
			path = DayCell;
			sourceTree = "<group>";
		};
		657698971BD08C8B0015B446 /* Login */ = {
			isa = PBXGroup;
			children = (
				659619921BD1E35E002110B9 /* NavigationBar */,
				659619911BD1E30C002110B9 /* FindPassword */,
				6596198B1BD1E2EA002110B9 /* Register */,
				657698991BD08D920015B446 /* YSLoginViewController.h */,
				6576989A1BD08D920015B446 /* YSLoginViewController.m */,
				6576989B1BD08D920015B446 /* YSLoginViewController.xib */,
			);
			path = Login;
			sourceTree = "<group>";
		};
		657698A81BD08EDE0015B446 /* UserLevel */ = {
			isa = PBXGroup;
			children = (
				657698AC1BD08F6F0015B446 /* CicularProgress */,
				657698A91BD08F000015B446 /* YSUserLevelView.h */,
				657698AA1BD08F000015B446 /* YSUserLevelView.m */,
				657698CE1BD0D4180015B446 /* YSUserLevelView.xib */,
			);
			path = UserLevel;
			sourceTree = "<group>";
		};
		657698AC1BD08F6F0015B446 /* CicularProgress */ = {
			isa = PBXGroup;
			children = (
				657698AD1BD08F900015B446 /* YSCicularProgressView.h */,
				657698AE1BD08F900015B446 /* YSCicularProgressView.m */,
			);
			path = CicularProgress;
			sourceTree = "<group>";
		};
		657698B01BD095A30015B446 /* UserRecord */ = {
			isa = PBXGroup;
			children = (
				657698B11BD095F80015B446 /* YSUserRecordView.h */,
				657698B21BD095F80015B446 /* YSUserRecordView.m */,
			);
			path = UserRecord;
			sourceTree = "<group>";
		};
		657698B41BD096A80015B446 /* RunningRecord */ = {
			isa = PBXGroup;
			children = (
				657698B51BD097720015B446 /* Result */,
				657698BE1BD099F70015B446 /* YSRunningRecordViewController.h */,
				657698BF1BD099F70015B446 /* YSRunningRecordViewController.m */,
				657698C01BD099F70015B446 /* YSRunningRecordViewController.xib */,
			);
			name = RunningRecord;
			path = Running;
			sourceTree = "<group>";
		};
		657698B51BD097720015B446 /* Result */ = {
			isa = PBXGroup;
			children = (
				657698B61BD097A70015B446 /* YSRunningResultViewController.h */,
				657698B71BD097A70015B446 /* YSRunningResultViewController.m */,
				657698B81BD097A70015B446 /* YSRunningResultViewController.xib */,
				657698BB1BD097FC0015B446 /* YSResultRecordView.h */,
				657698BC1BD097FC0015B446 /* YSResultRecordView.m */,
			);
			name = Result;
			path = RunningFinish;
			sourceTree = "<group>";
		};
		657698C31BD09B850015B446 /* Tip */ = {
			isa = PBXGroup;
			children = (
				657698C41BD09C210015B446 /* YSTipView.h */,
				657698C51BD09C210015B446 /* YSTipView.m */,
				657698C71BD09C400015B446 /* YSTipView.xib */,
				657698C91BD09D900015B446 /* YSTipCell.h */,
				657698CA1BD09D900015B446 /* YSTipCell.m */,
				657698CB1BD09D900015B446 /* YSTipCell.xib */,
			);
			path = Tip;
			sourceTree = "<group>";
		};
		657698DD1BD0F2AC0015B446 /* UserSet */ = {
			isa = PBXGroup;
			children = (
				657698DE1BD0F2C60015B446 /* YSUserSettingView.h */,
				657698DF1BD0F2C60015B446 /* YSUserSettingView.m */,
				657698E41BD0F3690015B446 /* YSUserSettingView.xib */,
				657698E11BD0F2D90015B446 /* YSUserNoLoginView.h */,
				657698E21BD0F2D90015B446 /* YSUserNoLoginView.m */,
				657698E61BD0F3820015B446 /* YSUserNoLoginView.xib */,
				657698EB1BD11A6A0015B446 /* YSUserSetCell.h */,
				657698EC1BD11A6A0015B446 /* YSUserSetCell.m */,
				657698ED1BD11A6A0015B446 /* YSUserSetCell.xib */,
			);
			path = UserSet;
			sourceTree = "<group>";
		};
		6596198B1BD1E2EA002110B9 /* Register */ = {
			isa = PBXGroup;
			children = (
				6596198C1BD1E2EA002110B9 /* YSRegisterViewController.h */,
				6596198D1BD1E2EA002110B9 /* YSRegisterViewController.m */,
				659619B31BD224D7002110B9 /* YSRegisterViewController.xib */,
			);
			path = Register;
			sourceTree = "<group>";
		};
		659619911BD1E30C002110B9 /* FindPassword */ = {
			isa = PBXGroup;
			children = (
				659619B01BD224AA002110B9 /* YSFindPasswordViewController.h */,
				659619B11BD224AA002110B9 /* YSFindPasswordViewController.m */,
				659619AC1BD22443002110B9 /* YSFindPasswordViewController.xib */,
			);
			path = FindPassword;
			sourceTree = "<group>";
		};
		659619921BD1E35E002110B9 /* NavigationBar */ = {
			isa = PBXGroup;
			children = (
				659619931BD1E456002110B9 /* YSNavigationBarView.h */,
				659619941BD1E456002110B9 /* YSNavigationBarView.m */,
				659619961BD1E4B5002110B9 /* YSNavigationBarView.xib */,
			);
			path = NavigationBar;
			sourceTree = "<group>";
		};
		659619981BD1F7D6002110B9 /* General */ = {
			isa = PBXGroup;
			children = (
				659619991BD1F850002110B9 /* YSTextFieldTableView.h */,
				6596199A1BD1F850002110B9 /* YSTextFieldTableView.m */,
				6596199C1BD1F87F002110B9 /* YSTextFieldTableView.xib */,
			);
			path = General;
			sourceTree = "<group>";
		};
		65ABA3621BCF4EAC00154E87 = {
			isa = PBXGroup;
			children = (
				65ABA36D1BCF4EAC00154E87 /* YSRun */,
				65ABA3871BCF4EAC00154E87 /* YSRunTests */,
				65ABA3921BCF4EAC00154E87 /* YSRunUITests */,
				65ABA36C1BCF4EAC00154E87 /* Products */,
			);
			sourceTree = "<group>";
		};
		65ABA36C1BCF4EAC00154E87 /* Products */ = {
			isa = PBXGroup;
			children = (
				65ABA36B1BCF4EAC00154E87 /* YSRun.app */,
				65ABA3841BCF4EAC00154E87 /* YSRunTests.xctest */,
				65ABA38F1BCF4EAC00154E87 /* YSRunUITests.xctest */,
			);
			name = Products;
			sourceTree = "<group>";
		};
		65ABA36D1BCF4EAC00154E87 /* YSRun */ = {
			isa = PBXGroup;
			children = (
				655C57201BCF934500E9073E /* Models */,
				655C57061BCF7B4100E9073E /* Macro */,
				65ABA3A21BCF4F3100154E87 /* View */,
				65ABA3A11BCF4F1600154E87 /* AppDelegate */,
				65ABA37A1BCF4EAC00154E87 /* Assets.xcassets */,
				65ABA37C1BCF4EAC00154E87 /* LaunchScreen.storyboard */,
				65ABA37F1BCF4EAC00154E87 /* Info.plist */,
				65ABA36E1BCF4EAC00154E87 /* Supporting Files */,
			);
			path = YSRun;
			sourceTree = "<group>";
		};
		65ABA36E1BCF4EAC00154E87 /* Supporting Files */ = {
			isa = PBXGroup;
			children = (
				65ABA3BF1BCF5C5000154E87 /* Resource */,
				65ABA36F1BCF4EAC00154E87 /* main.m */,
			);
			name = "Supporting Files";
			sourceTree = "<group>";
		};
		65ABA3871BCF4EAC00154E87 /* YSRunTests */ = {
			isa = PBXGroup;
			children = (
				65ABA3881BCF4EAC00154E87 /* YSRunTests.m */,
				65ABA38A1BCF4EAC00154E87 /* Info.plist */,
			);
			path = YSRunTests;
			sourceTree = "<group>";
		};
		65ABA3921BCF4EAC00154E87 /* YSRunUITests */ = {
			isa = PBXGroup;
			children = (
				65ABA3931BCF4EAC00154E87 /* YSRunUITests.m */,
				65ABA3951BCF4EAC00154E87 /* Info.plist */,
			);
			path = YSRunUITests;
			sourceTree = "<group>";
		};
		65ABA3A11BCF4F1600154E87 /* AppDelegate */ = {
			isa = PBXGroup;
			children = (
				65ABA3711BCF4EAC00154E87 /* AppDelegate.h */,
				65ABA3721BCF4EAC00154E87 /* AppDelegate.m */,
			);
			path = AppDelegate;
			sourceTree = "<group>";
		};
		65ABA3A21BCF4F3100154E87 /* View */ = {
			isa = PBXGroup;
			children = (
				659619981BD1F7D6002110B9 /* General */,
				657698971BD08C8B0015B446 /* Login */,
				65ABA3A81BCF520900154E87 /* Calendar */,
				65ABA3A91BCF520900154E87 /* Run */,
				65ABA3AA1BCF520900154E87 /* User */,
				65ABA3BA1BCF56FC00154E87 /* YSMainTabBarViewController.h */,
				65ABA3BB1BCF56FC00154E87 /* YSMainTabBarViewController.m */,
				65ABA3BC1BCF56FC00154E87 /* YSMainTabBarViewController.xib */,
			);
			path = View;
			sourceTree = "<group>";
		};
		65ABA3A81BCF520900154E87 /* Calendar */ = {
			isa = PBXGroup;
			children = (
				657698C31BD09B850015B446 /* Tip */,
				655C57051BCF7A4B00E9073E /* CalendarView */,
				65ABA3AB1BCF525500154E87 /* YSCalendarViewController.h */,
				65ABA3AC1BCF525500154E87 /* YSCalendarViewController.m */,
				65ABA3AD1BCF525500154E87 /* YSCalendarViewController.xib */,
			);
			path = Calendar;
			sourceTree = "<group>";
		};
		65ABA3A91BCF520900154E87 /* Run */ = {
			isa = PBXGroup;
			children = (
				657698B41BD096A80015B446 /* RunningRecord */,
				657698B01BD095A30015B446 /* UserRecord */,
				65ABA3B01BCF528300154E87 /* YSRunViewController.h */,
				65ABA3B11BCF528300154E87 /* YSRunViewController.m */,
				65ABA3B21BCF528300154E87 /* YSRunViewController.xib */,
			);
			path = Run;
			sourceTree = "<group>";
		};
		65ABA3AA1BCF520900154E87 /* User */ = {
			isa = PBXGroup;
			children = (
				657698DD1BD0F2AC0015B446 /* UserSet */,
				657698A81BD08EDE0015B446 /* UserLevel */,
				65ABA3B51BCF529300154E87 /* YSUserViewController.h */,
				65ABA3B61BCF529300154E87 /* YSUserViewController.m */,
				65ABA3B71BCF529300154E87 /* YSUserViewController.xib */,
			);
			path = User;
			sourceTree = "<group>";
		};
		65ABA3BF1BCF5C5000154E87 /* Resource */ = {
			isa = PBXGroup;
			children = (
				65ABA3C31BCF6CA000154E87 /* UI */,
			);
			path = Resource;
			sourceTree = "<group>";
		};
		65ABA3C31BCF6CA000154E87 /* UI */ = {
			isa = PBXGroup;
			children = (
				659619A31BD21C0A002110B9 /* login_password.png */,
				659619A41BD21C0A002110B9 /* login_user.png */,
				65ABA3C41BCF6CA000154E87 /* calendar.png */,
				65ABA3C51BCF6CA000154E87 /* calendar_highlight.png */,
				65ABA3C61BCF6CA000154E87 /* user_default_photo.png */,
				65ABA3C71BCF6CA000154E87 /* maf跑步法底色.png */,
				65ABA3C81BCF6CA000154E87 /* run.png */,
				65ABA3C91BCF6CA000154E87 /* run_highlight.png */,
				65ABA3CA1BCF6CA000154E87 /* tips.png */,
				65ABA3CB1BCF6CA000154E87 /* user.png */,
				65ABA3CC1BCF6CA000154E87 /* user_highlight.png */,
				65ABA3CD1BCF6CA000154E87 /* right_arrow.png */,
				65ABA3CE1BCF6CA000154E87 /* 地图模式.png */,
				65ABA3CF1BCF6CA000154E87 /* left_arrow.png */,
				65ABA3D01BCF6CA000154E87 /* backgound_image1.png */,
				65ABA3D11BCF6CA000154E87 /* 按钮.png */,
				65ABA3D21BCF6CA000154E87 /* 按钮按下.png */,
				65ABA3D31BCF6CA000154E87 /* star.png */,
				65ABA3D41BCF6CA000154E87 /* 更多---Assistor.png */,
				65ABA3D51BCF6CA000154E87 /* 秒表.png */,
				65ABA3D61BCF6CA000154E87 /* 红底.png */,
				65ABA3D71BCF6CA000154E87 /* set_button.png */,
				65ABA3D81BCF6CA000154E87 /* 设置按下.png */,
				65ABA3D91BCF6CA000154E87 /* 跑步模式.png */,
				65ABA3DA1BCF6CA000154E87 /* 跑步结果页文字黑底.png */,
				65ABA3DB1BCF6CA000154E87 /* 透明按钮.png */,
				65ABA3DC1BCF6CA000154E87 /* 透明按钮按下.png */,
				65ABA3DD1BCF6CA000154E87 /* 首页文字框.png */,
			);
			path = UI;
			sourceTree = "<group>";
		};
/* End PBXGroup section */

/* Begin PBXNativeTarget section */
		65ABA36A1BCF4EAC00154E87 /* YSRun */ = {
			isa = PBXNativeTarget;
			buildConfigurationList = 65ABA3981BCF4EAC00154E87 /* Build configuration list for PBXNativeTarget "YSRun" */;
			buildPhases = (
				65ABA3671BCF4EAC00154E87 /* Sources */,
				65ABA3681BCF4EAC00154E87 /* Frameworks */,
				65ABA3691BCF4EAC00154E87 /* Resources */,
			);
			buildRules = (
			);
			dependencies = (
			);
			name = YSRun;
			productName = YSRun;
			productReference = 65ABA36B1BCF4EAC00154E87 /* YSRun.app */;
			productType = "com.apple.product-type.application";
		};
		65ABA3831BCF4EAC00154E87 /* YSRunTests */ = {
			isa = PBXNativeTarget;
			buildConfigurationList = 65ABA39B1BCF4EAC00154E87 /* Build configuration list for PBXNativeTarget "YSRunTests" */;
			buildPhases = (
				65ABA3801BCF4EAC00154E87 /* Sources */,
				65ABA3811BCF4EAC00154E87 /* Frameworks */,
				65ABA3821BCF4EAC00154E87 /* Resources */,
			);
			buildRules = (
			);
			dependencies = (
				65ABA3861BCF4EAC00154E87 /* PBXTargetDependency */,
			);
			name = YSRunTests;
			productName = YSRunTests;
			productReference = 65ABA3841BCF4EAC00154E87 /* YSRunTests.xctest */;
			productType = "com.apple.product-type.bundle.unit-test";
		};
		65ABA38E1BCF4EAC00154E87 /* YSRunUITests */ = {
			isa = PBXNativeTarget;
			buildConfigurationList = 65ABA39E1BCF4EAC00154E87 /* Build configuration list for PBXNativeTarget "YSRunUITests" */;
			buildPhases = (
				65ABA38B1BCF4EAC00154E87 /* Sources */,
				65ABA38C1BCF4EAC00154E87 /* Frameworks */,
				65ABA38D1BCF4EAC00154E87 /* Resources */,
			);
			buildRules = (
			);
			dependencies = (
				65ABA3911BCF4EAC00154E87 /* PBXTargetDependency */,
			);
			name = YSRunUITests;
			productName = YSRunUITests;
			productReference = 65ABA38F1BCF4EAC00154E87 /* YSRunUITests.xctest */;
			productType = "com.apple.product-type.bundle.ui-testing";
		};
/* End PBXNativeTarget section */

/* Begin PBXProject section */
		65ABA3631BCF4EAC00154E87 /* Project object */ = {
			isa = PBXProject;
			attributes = {
				LastUpgradeCheck = 0700;
				ORGANIZATIONNAME = msq;
				TargetAttributes = {
					65ABA36A1BCF4EAC00154E87 = {
						CreatedOnToolsVersion = 7.0.1;
						DevelopmentTeam = P58M7X6YB7;
					};
					65ABA3831BCF4EAC00154E87 = {
						CreatedOnToolsVersion = 7.0.1;
						DevelopmentTeam = P58M7X6YB7;
						TestTargetID = 65ABA36A1BCF4EAC00154E87;
					};
					65ABA38E1BCF4EAC00154E87 = {
						CreatedOnToolsVersion = 7.0.1;
						DevelopmentTeam = P58M7X6YB7;
						TestTargetID = 65ABA36A1BCF4EAC00154E87;
					};
				};
			};
			buildConfigurationList = 65ABA3661BCF4EAC00154E87 /* Build configuration list for PBXProject "YSRun" */;
			compatibilityVersion = "Xcode 3.2";
			developmentRegion = English;
			hasScannedForEncodings = 0;
			knownRegions = (
				en,
				Base,
			);
			mainGroup = 65ABA3621BCF4EAC00154E87;
			productRefGroup = 65ABA36C1BCF4EAC00154E87 /* Products */;
			projectDirPath = "";
			projectRoot = "";
			targets = (
				65ABA36A1BCF4EAC00154E87 /* YSRun */,
				65ABA3831BCF4EAC00154E87 /* YSRunTests */,
				65ABA38E1BCF4EAC00154E87 /* YSRunUITests */,
			);
		};
/* End PBXProject section */

/* Begin PBXResourcesBuildPhase section */
		65ABA3691BCF4EAC00154E87 /* Resources */ = {
			isa = PBXResourcesBuildPhase;
			buildActionMask = 2147483647;
			files = (
				655C571C1BCF845400E9073E /* YSCalendarView.xib in Resources */,
				659619971BD1E4B5002110B9 /* YSNavigationBarView.xib in Resources */,
				65ABA3EB1BCF6CA000154E87 /* 按钮.png in Resources */,
				65ABA3EC1BCF6CA000154E87 /* 按钮按下.png in Resources */,
				657698CD1BD09D900015B446 /* YSTipCell.xib in Resources */,
				65ABA3DE1BCF6CA000154E87 /* calendar.png in Resources */,
				6576989D1BD08D920015B446 /* YSLoginViewController.xib in Resources */,
				65ABA37E1BCF4EAC00154E87 /* LaunchScreen.storyboard in Resources */,
				65ABA3E21BCF6CA000154E87 /* run.png in Resources */,
				65ABA3E91BCF6CA000154E87 /* left_arrow.png in Resources */,
				657698EF1BD11A6A0015B446 /* YSUserSetCell.xib in Resources */,
				65ABA3F21BCF6CA000154E87 /* 设置按下.png in Resources */,
				655C57181BCF7F3D00E9073E /* YSCalendarWeekdayView.xib in Resources */,
				657698C21BD099F70015B446 /* YSRunningRecordViewController.xib in Resources */,
				65ABA3DF1BCF6CA000154E87 /* calendar_highlight.png in Resources */,
				657698CF1BD0D4180015B446 /* YSUserLevelView.xib in Resources */,
				65ABA3E51BCF6CA000154E87 /* user.png in Resources */,
				65ABA3F31BCF6CA000154E87 /* 跑步模式.png in Resources */,
				65ABA3E41BCF6CA000154E87 /* tips.png in Resources */,
				65ABA3F71BCF6CA000154E87 /* 首页文字框.png in Resources */,
				6596199D1BD1F87F002110B9 /* YSTextFieldTableView.xib in Resources */,
				657698C81BD09C400015B446 /* YSTipView.xib in Resources */,
				657698E71BD0F3820015B446 /* YSUserNoLoginView.xib in Resources */,
				65ABA3E61BCF6CA000154E87 /* user_highlight.png in Resources */,
				655C57161BCF7F0800E9073E /* YSCalendarTitleDateView.xib in Resources */,
				65ABA3F41BCF6CA000154E87 /* 跑步结果页文字黑底.png in Resources */,
				65ABA3AF1BCF525500154E87 /* YSCalendarViewController.xib in Resources */,
				655C57291BCF97A500E9073E /* YSCalendarDayCell.xib in Resources */,
				65ABA3EF1BCF6CA000154E87 /* 秒表.png in Resources */,
				65ABA3EE1BCF6CA000154E87 /* 更多---Assistor.png in Resources */,
				65ABA3F11BCF6CA000154E87 /* set_button.png in Resources */,
				655C571A1BCF7F5800E9073E /* YSCalendarTitleBarView.xib in Resources */,
				65ABA3BE1BCF56FC00154E87 /* YSMainTabBarViewController.xib in Resources */,
				657698E51BD0F3690015B446 /* YSUserSettingView.xib in Resources */,
				65ABA37B1BCF4EAC00154E87 /* Assets.xcassets in Resources */,
				659619AE1BD22443002110B9 /* YSFindPasswordViewController.xib in Resources */,
				657698BA1BD097A70015B446 /* YSRunningResultViewController.xib in Resources */,
				65ABA3F01BCF6CA000154E87 /* 红底.png in Resources */,
				659619A51BD21C0A002110B9 /* login_password.png in Resources */,
				65ABA3EA1BCF6CA000154E87 /* backgound_image1.png in Resources */,
				65ABA3B41BCF528300154E87 /* YSRunViewController.xib in Resources */,
				65ABA3F61BCF6CA000154E87 /* 透明按钮按下.png in Resources */,
				65ABA3E31BCF6CA000154E87 /* run_highlight.png in Resources */,
				65ABA3F51BCF6CA000154E87 /* 透明按钮.png in Resources */,
				65ABA3E11BCF6CA000154E87 /* maf跑步法底色.png in Resources */,
				659619B41BD224D7002110B9 /* YSRegisterViewController.xib in Resources */,
				65ABA3B91BCF529300154E87 /* YSUserViewController.xib in Resources */,
				659619A61BD21C0A002110B9 /* login_user.png in Resources */,
				65ABA3E71BCF6CA000154E87 /* right_arrow.png in Resources */,
				65ABA3ED1BCF6CA000154E87 /* star.png in Resources */,
				65ABA3E01BCF6CA000154E87 /* user_default_photo.png in Resources */,
				65ABA3E81BCF6CA000154E87 /* 地图模式.png in Resources */,
			);
			runOnlyForDeploymentPostprocessing = 0;
		};
		65ABA3821BCF4EAC00154E87 /* Resources */ = {
			isa = PBXResourcesBuildPhase;
			buildActionMask = 2147483647;
			files = (
			);
			runOnlyForDeploymentPostprocessing = 0;
		};
		65ABA38D1BCF4EAC00154E87 /* Resources */ = {
			isa = PBXResourcesBuildPhase;
			buildActionMask = 2147483647;
			files = (
			);
			runOnlyForDeploymentPostprocessing = 0;
		};
/* End PBXResourcesBuildPhase section */

/* Begin PBXSourcesBuildPhase section */
		65ABA3671BCF4EAC00154E87 /* Sources */ = {
			isa = PBXSourcesBuildPhase;
			buildActionMask = 2147483647;
			files = (
				65ABA3B31BCF528300154E87 /* YSRunViewController.m in Sources */,
				655C571F1BCF865A00E9073E /* NSDate+YSDateLogic.m in Sources */,
				6576989C1BD08D920015B446 /* YSLoginViewController.m in Sources */,
				657698AF1BD08F900015B446 /* YSCicularProgressView.m in Sources */,
				65ABA3B81BCF529300154E87 /* YSUserViewController.m in Sources */,
				655C57271BCF978300E9073E /* YSCalendarDayCell.m in Sources */,
				657698CC1BD09D900015B446 /* YSTipCell.m in Sources */,
				657698E31BD0F2D90015B446 /* YSUserNoLoginView.m in Sources */,
				657698C61BD09C210015B446 /* YSTipView.m in Sources */,
				659619951BD1E456002110B9 /* YSNavigationBarView.m in Sources */,
				657698BD1BD097FC0015B446 /* YSResultRecordView.m in Sources */,
				65ABA3731BCF4EAC00154E87 /* AppDelegate.m in Sources */,
				655C57111BCF7E3300E9073E /* YSCalendarWeekdayView.m in Sources */,
				655C570E1BCF7DFF00E9073E /* YSCalendarTitleBarView.m in Sources */,
				655C57231BCF93B100E9073E /* YSDayCellModel.m in Sources */,
				657698AB1BD08F000015B446 /* YSUserLevelView.m in Sources */,
				657698B91BD097A70015B446 /* YSRunningResultViewController.m in Sources */,
				65ABA3BD1BCF56FC00154E87 /* YSMainTabBarViewController.m in Sources */,
				655C57141BCF7EBC00E9073E /* YSCalendarTitleDateView.m in Sources */,
				65ABA3AE1BCF525500154E87 /* YSCalendarViewController.m in Sources */,
				657698D21BD0EBF10015B446 /* YSUserInfoModel.m in Sources */,
				6596198F1BD1E2EA002110B9 /* YSRegisterViewController.m in Sources */,
				6596199B1BD1F850002110B9 /* YSTextFieldTableView.m in Sources */,
				65ABA3701BCF4EAC00154E87 /* main.m in Sources */,
				657698C11BD099F70015B446 /* YSRunningRecordViewController.m in Sources */,
				657698B31BD095F80015B446 /* YSUserRecordView.m in Sources */,
				657698EE1BD11A6A0015B446 /* YSUserSetCell.m in Sources */,
				657698E01BD0F2C60015B446 /* YSUserSettingView.m in Sources */,
				659619B21BD224AA002110B9 /* YSFindPasswordViewController.m in Sources */,
				655C570A1BCF7CEF00E9073E /* YSCalendarView.m in Sources */,
			);
			runOnlyForDeploymentPostprocessing = 0;
		};
		65ABA3801BCF4EAC00154E87 /* Sources */ = {
			isa = PBXSourcesBuildPhase;
			buildActionMask = 2147483647;
			files = (
				65ABA3891BCF4EAC00154E87 /* YSRunTests.m in Sources */,
			);
			runOnlyForDeploymentPostprocessing = 0;
		};
		65ABA38B1BCF4EAC00154E87 /* Sources */ = {
			isa = PBXSourcesBuildPhase;
			buildActionMask = 2147483647;
			files = (
				65ABA3941BCF4EAC00154E87 /* YSRunUITests.m in Sources */,
			);
			runOnlyForDeploymentPostprocessing = 0;
		};
/* End PBXSourcesBuildPhase section */

/* Begin PBXTargetDependency section */
		65ABA3861BCF4EAC00154E87 /* PBXTargetDependency */ = {
			isa = PBXTargetDependency;
			target = 65ABA36A1BCF4EAC00154E87 /* YSRun */;
			targetProxy = 65ABA3851BCF4EAC00154E87 /* PBXContainerItemProxy */;
		};
		65ABA3911BCF4EAC00154E87 /* PBXTargetDependency */ = {
			isa = PBXTargetDependency;
			target = 65ABA36A1BCF4EAC00154E87 /* YSRun */;
			targetProxy = 65ABA3901BCF4EAC00154E87 /* PBXContainerItemProxy */;
		};
/* End PBXTargetDependency section */

/* Begin PBXVariantGroup section */
		65ABA37C1BCF4EAC00154E87 /* LaunchScreen.storyboard */ = {
			isa = PBXVariantGroup;
			children = (
				65ABA37D1BCF4EAC00154E87 /* Base */,
			);
			name = LaunchScreen.storyboard;
			sourceTree = "<group>";
		};
/* End PBXVariantGroup section */

/* Begin XCBuildConfiguration section */
		65ABA3961BCF4EAC00154E87 /* Debug */ = {
			isa = XCBuildConfiguration;
			buildSettings = {
				ALWAYS_SEARCH_USER_PATHS = NO;
				CLANG_CXX_LANGUAGE_STANDARD = "gnu++0x";
				CLANG_CXX_LIBRARY = "libc++";
				CLANG_ENABLE_MODULES = YES;
				CLANG_ENABLE_OBJC_ARC = YES;
				CLANG_WARN_BOOL_CONVERSION = YES;
				CLANG_WARN_CONSTANT_CONVERSION = YES;
				CLANG_WARN_DIRECT_OBJC_ISA_USAGE = YES_ERROR;
				CLANG_WARN_EMPTY_BODY = YES;
				CLANG_WARN_ENUM_CONVERSION = YES;
				CLANG_WARN_INT_CONVERSION = YES;
				CLANG_WARN_OBJC_ROOT_CLASS = YES_ERROR;
				CLANG_WARN_UNREACHABLE_CODE = YES;
				CLANG_WARN__DUPLICATE_METHOD_MATCH = YES;
				"CODE_SIGN_IDENTITY[sdk=iphoneos*]" = "iPhone Developer";
				COPY_PHASE_STRIP = NO;
				DEBUG_INFORMATION_FORMAT = dwarf;
				ENABLE_STRICT_OBJC_MSGSEND = YES;
				ENABLE_TESTABILITY = YES;
				GCC_C_LANGUAGE_STANDARD = gnu99;
				GCC_DYNAMIC_NO_PIC = NO;
				GCC_NO_COMMON_BLOCKS = YES;
				GCC_OPTIMIZATION_LEVEL = 0;
				GCC_PREPROCESSOR_DEFINITIONS = (
					"DEBUG=1",
					"$(inherited)",
				);
				GCC_WARN_64_TO_32_BIT_CONVERSION = YES;
				GCC_WARN_ABOUT_RETURN_TYPE = YES_ERROR;
				GCC_WARN_UNDECLARED_SELECTOR = YES;
				GCC_WARN_UNINITIALIZED_AUTOS = YES_AGGRESSIVE;
				GCC_WARN_UNUSED_FUNCTION = YES;
				GCC_WARN_UNUSED_VARIABLE = YES;
				IPHONEOS_DEPLOYMENT_TARGET = 8.4;
				MTL_ENABLE_DEBUG_INFO = YES;
				ONLY_ACTIVE_ARCH = YES;
				SDKROOT = iphoneos;
			};
			name = Debug;
		};
		65ABA3971BCF4EAC00154E87 /* Release */ = {
			isa = XCBuildConfiguration;
			buildSettings = {
				ALWAYS_SEARCH_USER_PATHS = NO;
				CLANG_CXX_LANGUAGE_STANDARD = "gnu++0x";
				CLANG_CXX_LIBRARY = "libc++";
				CLANG_ENABLE_MODULES = YES;
				CLANG_ENABLE_OBJC_ARC = YES;
				CLANG_WARN_BOOL_CONVERSION = YES;
				CLANG_WARN_CONSTANT_CONVERSION = YES;
				CLANG_WARN_DIRECT_OBJC_ISA_USAGE = YES_ERROR;
				CLANG_WARN_EMPTY_BODY = YES;
				CLANG_WARN_ENUM_CONVERSION = YES;
				CLANG_WARN_INT_CONVERSION = YES;
				CLANG_WARN_OBJC_ROOT_CLASS = YES_ERROR;
				CLANG_WARN_UNREACHABLE_CODE = YES;
				CLANG_WARN__DUPLICATE_METHOD_MATCH = YES;
				"CODE_SIGN_IDENTITY[sdk=iphoneos*]" = "iPhone Developer";
				COPY_PHASE_STRIP = NO;
				DEBUG_INFORMATION_FORMAT = "dwarf-with-dsym";
				ENABLE_NS_ASSERTIONS = NO;
				ENABLE_STRICT_OBJC_MSGSEND = YES;
				GCC_C_LANGUAGE_STANDARD = gnu99;
				GCC_NO_COMMON_BLOCKS = YES;
				GCC_WARN_64_TO_32_BIT_CONVERSION = YES;
				GCC_WARN_ABOUT_RETURN_TYPE = YES_ERROR;
				GCC_WARN_UNDECLARED_SELECTOR = YES;
				GCC_WARN_UNINITIALIZED_AUTOS = YES_AGGRESSIVE;
				GCC_WARN_UNUSED_FUNCTION = YES;
				GCC_WARN_UNUSED_VARIABLE = YES;
				IPHONEOS_DEPLOYMENT_TARGET = 8.4;
				MTL_ENABLE_DEBUG_INFO = NO;
				SDKROOT = iphoneos;
				VALIDATE_PRODUCT = YES;
			};
			name = Release;
		};
		65ABA3991BCF4EAC00154E87 /* Debug */ = {
			isa = XCBuildConfiguration;
			buildSettings = {
				ASSETCATALOG_COMPILER_APPICON_NAME = AppIcon;
				INFOPLIST_FILE = YSRun/Info.plist;
				LD_RUNPATH_SEARCH_PATHS = "$(inherited) @executable_path/Frameworks";
				PRODUCT_BUNDLE_IDENTIFIER = msq.YSRun;
				PRODUCT_NAME = "$(TARGET_NAME)";
			};
			name = Debug;
		};
		65ABA39A1BCF4EAC00154E87 /* Release */ = {
			isa = XCBuildConfiguration;
			buildSettings = {
				ASSETCATALOG_COMPILER_APPICON_NAME = AppIcon;
				INFOPLIST_FILE = YSRun/Info.plist;
				LD_RUNPATH_SEARCH_PATHS = "$(inherited) @executable_path/Frameworks";
				PRODUCT_BUNDLE_IDENTIFIER = msq.YSRun;
				PRODUCT_NAME = "$(TARGET_NAME)";
			};
			name = Release;
		};
		65ABA39C1BCF4EAC00154E87 /* Debug */ = {
			isa = XCBuildConfiguration;
			buildSettings = {
				BUNDLE_LOADER = "$(TEST_HOST)";
				INFOPLIST_FILE = YSRunTests/Info.plist;
				LD_RUNPATH_SEARCH_PATHS = "$(inherited) @executable_path/Frameworks @loader_path/Frameworks";
				PRODUCT_BUNDLE_IDENTIFIER = msq.YSRunTests;
				PRODUCT_NAME = "$(TARGET_NAME)";
				TEST_HOST = "$(BUILT_PRODUCTS_DIR)/YSRun.app/YSRun";
			};
			name = Debug;
		};
		65ABA39D1BCF4EAC00154E87 /* Release */ = {
			isa = XCBuildConfiguration;
			buildSettings = {
				BUNDLE_LOADER = "$(TEST_HOST)";
				INFOPLIST_FILE = YSRunTests/Info.plist;
				LD_RUNPATH_SEARCH_PATHS = "$(inherited) @executable_path/Frameworks @loader_path/Frameworks";
				PRODUCT_BUNDLE_IDENTIFIER = msq.YSRunTests;
				PRODUCT_NAME = "$(TARGET_NAME)";
				TEST_HOST = "$(BUILT_PRODUCTS_DIR)/YSRun.app/YSRun";
			};
			name = Release;
		};
		65ABA39F1BCF4EAC00154E87 /* Debug */ = {
			isa = XCBuildConfiguration;
			buildSettings = {
				INFOPLIST_FILE = YSRunUITests/Info.plist;
				LD_RUNPATH_SEARCH_PATHS = "$(inherited) @executable_path/Frameworks @loader_path/Frameworks";
				PRODUCT_BUNDLE_IDENTIFIER = msq.YSRunUITests;
				PRODUCT_NAME = "$(TARGET_NAME)";
				TEST_TARGET_NAME = YSRun;
				USES_XCTRUNNER = YES;
			};
			name = Debug;
		};
		65ABA3A01BCF4EAC00154E87 /* Release */ = {
			isa = XCBuildConfiguration;
			buildSettings = {
				INFOPLIST_FILE = YSRunUITests/Info.plist;
				LD_RUNPATH_SEARCH_PATHS = "$(inherited) @executable_path/Frameworks @loader_path/Frameworks";
				PRODUCT_BUNDLE_IDENTIFIER = msq.YSRunUITests;
				PRODUCT_NAME = "$(TARGET_NAME)";
				TEST_TARGET_NAME = YSRun;
				USES_XCTRUNNER = YES;
			};
			name = Release;
		};
/* End XCBuildConfiguration section */

/* Begin XCConfigurationList section */
		65ABA3661BCF4EAC00154E87 /* Build configuration list for PBXProject "YSRun" */ = {
			isa = XCConfigurationList;
			buildConfigurations = (
				65ABA3961BCF4EAC00154E87 /* Debug */,
				65ABA3971BCF4EAC00154E87 /* Release */,
			);
			defaultConfigurationIsVisible = 0;
			defaultConfigurationName = Release;
		};
		65ABA3981BCF4EAC00154E87 /* Build configuration list for PBXNativeTarget "YSRun" */ = {
			isa = XCConfigurationList;
			buildConfigurations = (
				65ABA3991BCF4EAC00154E87 /* Debug */,
				65ABA39A1BCF4EAC00154E87 /* Release */,
			);
			defaultConfigurationIsVisible = 0;
			defaultConfigurationName = Release;
		};
		65ABA39B1BCF4EAC00154E87 /* Build configuration list for PBXNativeTarget "YSRunTests" */ = {
			isa = XCConfigurationList;
			buildConfigurations = (
				65ABA39C1BCF4EAC00154E87 /* Debug */,
				65ABA39D1BCF4EAC00154E87 /* Release */,
			);
			defaultConfigurationIsVisible = 0;
			defaultConfigurationName = Release;
		};
		65ABA39E1BCF4EAC00154E87 /* Build configuration list for PBXNativeTarget "YSRunUITests" */ = {
			isa = XCConfigurationList;
			buildConfigurations = (
				65ABA39F1BCF4EAC00154E87 /* Debug */,
				65ABA3A01BCF4EAC00154E87 /* Release */,
			);
			defaultConfigurationIsVisible = 0;
			defaultConfigurationName = Release;
		};
/* End XCConfigurationList section */
	};
	rootObject = 65ABA3631BCF4EAC00154E87 /* Project object */;
}
